
Microsoft Visual Studio Solution File, Format Version 12.00
# Visual Studio Version 16
VisualStudioVersion = 16.0.31129.286
MinimumVisualStudioVersion = 10.0.40219.1
Project("{FAE04EC0-301F-11D3-BF4B-00C04F79EFBC}") = "TomatoCalculator.Server", "TomatoCalculator\Server\TomatoCalculator.Server.csproj", "{8D58F551-A358-4511-B0D6-4FDAEA77CCF2}"
EndProject
Project("{FAE04EC0-301F-11D3-BF4B-00C04F79EFBC}") = "TomatoCalculator.Client", "TomatoCalculator\Client\TomatoCalculator.Client.csproj", "{F7DCC0A2-5CD2-493D-8A41-557055A93376}"
EndProject
Project("{FAE04EC0-301F-11D3-BF4B-00C04F79EFBC}") = "TomatoCalculator.Shared", "TomatoCalculator\Shared\TomatoCalculator.Shared.csproj", "{7146EA89-91A1-40C5-ADB2-60C46B8DD505}"
EndProject
Global
	GlobalSection(SolutionConfigurationPlatforms) = preSolution
		Debug|Any CPU = Debug|Any CPU
		Release|Any CPU = Release|Any CPU
	EndGlobalSection
	GlobalSection(ProjectConfigurationPlatforms) = postSolution
		{8D58F551-A358-4511-B0D6-4FDAEA77CCF2}.Debug|Any CPU.ActiveCfg = Debug|Any CPU
		{8D58F551-A358-4511-B0D6-4FDAEA77CCF2}.Debug|Any CPU.Build.0 = Debug|Any CPU
		{8D58F551-A358-4511-B0D6-4FDAEA77CCF2}.Release|Any CPU.ActiveCfg = Release|Any CPU
		{8D58F551-A358-4511-B0D6-4FDAEA77CCF2}.Release|Any CPU.Build.0 = Release|Any CPU
		{F7DCC0A2-5CD2-493D-8A41-557055A93376}.Debug|Any CPU.ActiveCfg = Debug|Any CPU
		{F7DCC0A2-5CD2-493D-8A41-557055A93376}.Debug|Any CPU.Build.0 = Debug|Any CPU
		{F7DCC0A2-5CD2-493D-8A41-557055A93376}.Release|Any CPU.ActiveCfg = Release|Any CPU
		{F7DCC0A2-5CD2-493D-8A41-557055A93376}.Release|Any CPU.Build.0 = Release|Any CPU
		{7146EA89-91A1-40C5-ADB2-60C46B8DD505}.Debug|Any CPU.ActiveCfg = Debug|Any CPU
		{7146EA89-91A1-40C5-ADB2-60C46B8DD505}.Debug|Any CPU.Build.0 = Debug|Any CPU
		{7146EA89-91A1-40C5-ADB2-60C46B8DD505}.Release|Any CPU.ActiveCfg = Release|Any CPU
		{7146EA89-91A1-40C5-ADB2-60C46B8DD505}.Release|Any CPU.Build.0 = Release|Any CPU
	EndGlobalSection
	GlobalSection(SolutionProperties) = preSolution
		HideSolutionNode = FALSE
	EndGlobalSection
	GlobalSection(ExtensibilityGlobals) = postSolution
		SolutionGuid = {DF670B75-1AB6-4797-A869-19B1446568F9}
	EndGlobalSection
EndGlobal
